
Microsoft Visual Studio Solution File, Format Version 12.00
# Visual Studio 14
VisualStudioVersion = 14.0.25123.0
MinimumVisualStudioVersion = 10.0.40219.1
Project("{888888A0-9F3D-457C-B088-3A5042F75D52}") = "MookMaker", "MookMaker\MookMaker.pyproj", "{B1B15D9C-C62C-49FD-94E4-81905541A798}"
EndProject
Project("{888888A0-9F3D-457C-B088-3A5042F75D52}") = "DiceThrower", "DiceThrower\DiceThrower.pyproj", "{EFC5C822-D80C-4CAC-94C7-04996900ED60}"
EndProject
Global
	GlobalSection(SolutionConfigurationPlatforms) = preSolution
		Debug|Any CPU = Debug|Any CPU
		Release|Any CPU = Release|Any CPU
	EndGlobalSection
	GlobalSection(ProjectConfigurationPlatforms) = postSolution
		{B1B15D9C-C62C-49FD-94E4-81905541A798}.Debug|Any CPU.ActiveCfg = Debug|Any CPU
		{B1B15D9C-C62C-49FD-94E4-81905541A798}.Release|Any CPU.ActiveCfg = Release|Any CPU
		{EFC5C822-D80C-4CAC-94C7-04996900ED60}.Debug|Any CPU.ActiveCfg = Debug|Any CPU
		{EFC5C822-D80C-4CAC-94C7-04996900ED60}.Release|Any CPU.ActiveCfg = Release|Any CPU
	EndGlobalSection
	GlobalSection(SolutionProperties) = preSolution
		HideSolutionNode = FALSE
	EndGlobalSection
EndGlobal
